{
  "name": "tbga-teoriadainformacao",
  "lockfileVersion": 2,
  "requires": true,
  "packages": {
    "": {
      "name": "tbga-teoriadainformacao",
      "dependencies": {
        "async-lz-string": "^1.0.3",
        "lz-string": "^1.4.4"
      },
      "devDependencies": {
        "@types/node": "^17.0.24"
      }
    },
    "node_modules/@types/node": {
      "version": "17.0.24",
      "resolved": "https://registry.npmjs.org/@types/node/-/node-17.0.24.tgz",
      "integrity": "sha512-aveCYRQbgTH9Pssp1voEP7HiuWlD2jW2BO56w+bVrJn04i61yh6mRfoKO6hEYQD9vF+W8Chkwc6j1M36uPkx4g==",
      "dev": true
    },
    "node_modules/async-lz-string": {
      "version": "1.0.3",
      "resolved": "https://registry.npmjs.org/async-lz-string/-/async-lz-string-1.0.3.tgz",
      "integrity": "sha512-0LoDdGn6OZaBS1EFcSRFe0ZAfDy+kqg64cCdHf91sVQTh34UJcPBvHnA6EYCH365DMwzDn9nz1pkupWXaEZxfA=="
    },
    "node_modules/lz-string": {
      "version": "1.4.4",
      "resolved": "https://registry.npmjs.org/lz-string/-/lz-string-1.4.4.tgz",
      "integrity": "sha1-wNjq82BZ9wV5bh40SBHPTEmNOiY=",
      "bin": {
        "lz-string": "bin/bin.js"
      }
    }
  },
  "dependencies": {
    "@types/node": {
      "version": "17.0.24",
      "resolved": "https://registry.npmjs.org/@types/node/-/node-17.0.24.tgz",
      "integrity": "sha512-aveCYRQbgTH9Pssp1voEP7HiuWlD2jW2BO56w+bVrJn04i61yh6mRfoKO6hEYQD9vF+W8Chkwc6j1M36uPkx4g==",
      "dev": true
    },
    "async-lz-string": {
      "version": "1.0.3",
      "resolved": "https://registry.npmjs.org/async-lz-string/-/async-lz-string-1.0.3.tgz",
      "integrity": "sha512-0LoDdGn6OZaBS1EFcSRFe0ZAfDy+kqg64cCdHf91sVQTh34UJcPBvHnA6EYCH365DMwzDn9nz1pkupWXaEZxfA=="
    },
    "lz-string": {
      "version": "1.4.4",
      "resolved": "https://registry.npmjs.org/lz-string/-/lz-string-1.4.4.tgz",
      "integrity": "sha1-wNjq82BZ9wV5bh40SBHPTEmNOiY="
    }
  }
}
